
Microsoft Visual Studio Solution File, Format Version 12.00
# Visual Studio 15
VisualStudioVersion = 15.0.26730.8
MinimumVisualStudioVersion = 10.0.40219.1
Project("{2150E333-8FDC-42A3-9474-1A3956D46DE8}") = "Solution Items", "Solution Items", "{7C9F751D-25CD-4A19-838B-B69E7B897468}"
	ProjectSection(SolutionItems) = preProject
		.gitignore = .gitignore
		appveyor.yml = appveyor.yml
		NuGet.config = NuGet.config
		RepositoryInfo.xml = RepositoryInfo.xml
		Common\Shared.props = Common\Shared.props
		Common\SharedKey.snk = Common\SharedKey.snk
	EndProjectSection
EndProject
Project("{2150E333-8FDC-42A3-9474-1A3956D46DE8}") = "Tests", "Tests", "{1A7E3E39-6483-4802-8B27-C4D245D35D09}"
EndProject
Project("{9A19103F-16F7-4668-BE54-9A1E7A4F7556}") = "CK.AspNet.Tester", "CK.AspNet.Tester\CK.AspNet.Tester.csproj", "{87577DD0-98DF-4109-9B4B-4D24385071D0}"
EndProject
Project("{FAE04EC0-301F-11D3-BF4B-00C04F79EFBC}") = "CodeCakeBuilder", "CodeCakeBuilder\CodeCakeBuilder.csproj", "{FD4817B6-3CD7-4E74-AA10-7CA95FDFCF2D}"
EndProject
Project("{9A19103F-16F7-4668-BE54-9A1E7A4F7556}") = "CK.AspNet.Tester.Tests", "Tests\CK.AspNet.Tester.Tests\CK.AspNet.Tester.Tests.csproj", "{91C81A60-4C00-42A9-A521-27F950078F0C}"
EndProject
Project("{9A19103F-16F7-4668-BE54-9A1E7A4F7556}") = "CK.AspNet.Tester.NetCore.Tests", "Tests\CK.AspNet.Tester.NetCore.Tests\CK.AspNet.Tester.NetCore.Tests.csproj", "{C6479076-F93A-450A-8B57-410578474BAF}"
EndProject
Project("{9A19103F-16F7-4668-BE54-9A1E7A4F7556}") = "WebApp", "Tests\WebApp\WebApp.csproj", "{5C8E1B59-5506-46D9-B18C-0942644EA584}"
EndProject
Project("{9A19103F-16F7-4668-BE54-9A1E7A4F7556}") = "StupidMiddleware", "Tests\StupidMiddleware\StupidMiddleware.csproj", "{60AD6367-3D2A-4557-881D-5BB850FFD178}"
EndProject
Global
	GlobalSection(SolutionConfigurationPlatforms) = preSolution
		Debug|Any CPU = Debug|Any CPU
		Release|Any CPU = Release|Any CPU
	EndGlobalSection
	GlobalSection(ProjectConfigurationPlatforms) = postSolution
		{87577DD0-98DF-4109-9B4B-4D24385071D0}.Debug|Any CPU.ActiveCfg = Debug|Any CPU
		{87577DD0-98DF-4109-9B4B-4D24385071D0}.Debug|Any CPU.Build.0 = Debug|Any CPU
		{87577DD0-98DF-4109-9B4B-4D24385071D0}.Release|Any CPU.ActiveCfg = Release|Any CPU
		{87577DD0-98DF-4109-9B4B-4D24385071D0}.Release|Any CPU.Build.0 = Release|Any CPU
		{FD4817B6-3CD7-4E74-AA10-7CA95FDFCF2D}.Debug|Any CPU.ActiveCfg = Debug|Any CPU
		{FD4817B6-3CD7-4E74-AA10-7CA95FDFCF2D}.Debug|Any CPU.Build.0 = Debug|Any CPU
		{FD4817B6-3CD7-4E74-AA10-7CA95FDFCF2D}.Release|Any CPU.ActiveCfg = Release|Any CPU
		{FD4817B6-3CD7-4E74-AA10-7CA95FDFCF2D}.Release|Any CPU.Build.0 = Release|Any CPU
		{91C81A60-4C00-42A9-A521-27F950078F0C}.Debug|Any CPU.ActiveCfg = Debug|Any CPU
		{91C81A60-4C00-42A9-A521-27F950078F0C}.Debug|Any CPU.Build.0 = Debug|Any CPU
		{91C81A60-4C00-42A9-A521-27F950078F0C}.Release|Any CPU.ActiveCfg = Release|Any CPU
		{91C81A60-4C00-42A9-A521-27F950078F0C}.Release|Any CPU.Build.0 = Release|Any CPU
		{C6479076-F93A-450A-8B57-410578474BAF}.Debug|Any CPU.ActiveCfg = Debug|Any CPU
		{C6479076-F93A-450A-8B57-410578474BAF}.Debug|Any CPU.Build.0 = Debug|Any CPU
		{C6479076-F93A-450A-8B57-410578474BAF}.Release|Any CPU.ActiveCfg = Release|Any CPU
		{C6479076-F93A-450A-8B57-410578474BAF}.Release|Any CPU.Build.0 = Release|Any CPU
		{5C8E1B59-5506-46D9-B18C-0942644EA584}.Debug|Any CPU.ActiveCfg = Debug|Any CPU
		{5C8E1B59-5506-46D9-B18C-0942644EA584}.Debug|Any CPU.Build.0 = Debug|Any CPU
		{5C8E1B59-5506-46D9-B18C-0942644EA584}.Release|Any CPU.ActiveCfg = Release|Any CPU
		{5C8E1B59-5506-46D9-B18C-0942644EA584}.Release|Any CPU.Build.0 = Release|Any CPU
		{60AD6367-3D2A-4557-881D-5BB850FFD178}.Debug|Any CPU.ActiveCfg = Debug|Any CPU
		{60AD6367-3D2A-4557-881D-5BB850FFD178}.Debug|Any CPU.Build.0 = Debug|Any CPU
		{60AD6367-3D2A-4557-881D-5BB850FFD178}.Release|Any CPU.ActiveCfg = Release|Any CPU
		{60AD6367-3D2A-4557-881D-5BB850FFD178}.Release|Any CPU.Build.0 = Release|Any CPU
	EndGlobalSection
	GlobalSection(SolutionProperties) = preSolution
		HideSolutionNode = FALSE
	EndGlobalSection
	GlobalSection(NestedProjects) = preSolution
		{91C81A60-4C00-42A9-A521-27F950078F0C} = {1A7E3E39-6483-4802-8B27-C4D245D35D09}
		{C6479076-F93A-450A-8B57-410578474BAF} = {1A7E3E39-6483-4802-8B27-C4D245D35D09}
		{5C8E1B59-5506-46D9-B18C-0942644EA584} = {1A7E3E39-6483-4802-8B27-C4D245D35D09}
		{60AD6367-3D2A-4557-881D-5BB850FFD178} = {1A7E3E39-6483-4802-8B27-C4D245D35D09}
	EndGlobalSection
	GlobalSection(ExtensibilityGlobals) = postSolution
		SolutionGuid = {39625DF9-0D4A-49B5-83F8-14557B157E88}
	EndGlobalSection
EndGlobal
